// !$*UTF8*$!
{
	archiveVersion = 1;
	classes = {
	};
	objectVersion = 46;
	objects = {

/* Begin PBXBuildFile section */
		CB04513419B29DBF0096E904 /* VTSettings.m in Sources */ = {isa = PBXBuildFile; fileRef = CB04513319B29DBF0096E904 /* VTSettings.m */; };
		CB138D411C82BFD30046CF12 /* VTAPollController.swift in Sources */ = {isa = PBXBuildFile; fileRef = CB138D401C82BFD30046CF12 /* VTAPollController.swift */; };
		CB138D431C82C0600046CF12 /* VTAForgotPasswordViewController.swift in Sources */ = {isa = PBXBuildFile; fileRef = CB138D421C82C0600046CF12 /* VTAForgotPasswordViewController.swift */; };
		CB138D4A1C8371300046CF12 /* VTAPollDetailViewController.swift in Sources */ = {isa = PBXBuildFile; fileRef = CB138D491C8371300046CF12 /* VTAPollDetailViewController.swift */; };
		CB138D4C1C83781B0046CF12 /* VTACommentClient.swift in Sources */ = {isa = PBXBuildFile; fileRef = CB138D4B1C83781B0046CF12 /* VTACommentClient.swift */; };
		CB138D551C83E3D10046CF12 /* VTACommentTableViewCell.swift in Sources */ = {isa = PBXBuildFile; fileRef = CB138D531C83E3D10046CF12 /* VTACommentTableViewCell.swift */; };
		CB138D561C83E3D10046CF12 /* VTACommentTableViewCell.xib in Resources */ = {isa = PBXBuildFile; fileRef = CB138D541C83E3D10046CF12 /* VTACommentTableViewCell.xib */; };
		CB138D591C841C470046CF12 /* VTAFeaturedNewsTableViewCell.swift in Sources */ = {isa = PBXBuildFile; fileRef = CB138D571C841C470046CF12 /* VTAFeaturedNewsTableViewCell.swift */; };
		CB138D5A1C841C470046CF12 /* VTAFeaturedNewsTableViewCell.xib in Resources */ = {isa = PBXBuildFile; fileRef = CB138D581C841C470046CF12 /* VTAFeaturedNewsTableViewCell.xib */; };
		CB138D5D1C842ADC0046CF12 /* VTAFeatureNewsCollectionViewCell.swift in Sources */ = {isa = PBXBuildFile; fileRef = CB138D5B1C842ADB0046CF12 /* VTAFeatureNewsCollectionViewCell.swift */; };
		CB138D5E1C842ADC0046CF12 /* VTAFeatureNewsCollectionViewCell.xib in Resources */ = {isa = PBXBuildFile; fileRef = CB138D5C1C842ADC0046CF12 /* VTAFeatureNewsCollectionViewCell.xib */; };
		CB138D601C8566B10046CF12 /* VTASearchViewController.swift in Sources */ = {isa = PBXBuildFile; fileRef = CB138D5F1C8566B10046CF12 /* VTASearchViewController.swift */; };
		CB138D621C8568090046CF12 /* VTAStyleClass.swift in Sources */ = {isa = PBXBuildFile; fileRef = CB138D611C8568090046CF12 /* VTAStyleClass.swift */; };
		CB138D641C857C7A0046CF12 /* VTAFilteredSearchViewController.swift in Sources */ = {isa = PBXBuildFile; fileRef = CB138D631C857C7A0046CF12 /* VTAFilteredSearchViewController.swift */; };
		CB138D661C86ACEC0046CF12 /* VTAUserClient.swift in Sources */ = {isa = PBXBuildFile; fileRef = CB138D651C86ACEB0046CF12 /* VTAUserClient.swift */; };
		CB138D6B1C86AE700046CF12 /* VTAUserTableViewCell.swift in Sources */ = {isa = PBXBuildFile; fileRef = CB138D691C86AE700046CF12 /* VTAUserTableViewCell.swift */; };
		CB138D6C1C86AE700046CF12 /* VTAUserTableViewCell.xib in Resources */ = {isa = PBXBuildFile; fileRef = CB138D6A1C86AE700046CF12 /* VTAUserTableViewCell.xib */; };
		CB138D6E1C86B40F0046CF12 /* defaultProfilePicture.png in Resources */ = {isa = PBXBuildFile; fileRef = CB138D6D1C86B40F0046CF12 /* defaultProfilePicture.png */; };
		CB1DC90D197C9E84000DA1C4 /* ProgressHUD.m in Sources */ = {isa = PBXBuildFile; fileRef = CB1DC90C197C9E84000DA1C4 /* ProgressHUD.m */; };
		CB27B7631C6C5B78001736A5 /* VTAParentViewController.swift in Sources */ = {isa = PBXBuildFile; fileRef = CB27B7621C6C5B78001736A5 /* VTAParentViewController.swift */; };
		CB27B7651C6C77CD001736A5 /* VTAProfileViewController.swift in Sources */ = {isa = PBXBuildFile; fileRef = CB27B7641C6C77CD001736A5 /* VTAProfileViewController.swift */; };
		CB27B76F1C6DBAB9001736A5 /* Launch Screen.storyboard in Resources */ = {isa = PBXBuildFile; fileRef = CB27B76E1C6DBAB9001736A5 /* Launch Screen.storyboard */; };
		CB3417481B1B58E700CE74C1 /* RegisterToVoteWebpageViewController.m in Sources */ = {isa = PBXBuildFile; fileRef = CB3417471B1B58E700CE74C1 /* RegisterToVoteWebpageViewController.m */; };
		CB3417521B1C270E00CE74C1 /* GetFriendsToVoteViewController.m in Sources */ = {isa = PBXBuildFile; fileRef = CB3417511B1C270E00CE74C1 /* GetFriendsToVoteViewController.m */; };
		CB3417551B1C5FC400CE74C1 /* SettingsViewController.m in Sources */ = {isa = PBXBuildFile; fileRef = CB3417541B1C5FC400CE74C1 /* SettingsViewController.m */; };
		CB3417581B1C61D600CE74C1 /* VotaViewController.m in Sources */ = {isa = PBXBuildFile; fileRef = CB3417571B1C61D600CE74C1 /* VotaViewController.m */; };
		CB4438181C69CF520073D42E /* VTAOrganizationSignUpViewController.swift in Sources */ = {isa = PBXBuildFile; fileRef = CB4438171C69CF520073D42E /* VTAOrganizationSignUpViewController.swift */; };
		CB4C07C3197229A300F08D01 /* FacebookSDK.framework in Frameworks */ = {isa = PBXBuildFile; fileRef = CB4C07C2197229A300F08D01 /* FacebookSDK.framework */; };
		CB4C07F61972394B00F08D01 /* Icon-40.png in Resources */ = {isa = PBXBuildFile; fileRef = CB4C07E61972394B00F08D01 /* Icon-40.png */; };
		CB4C07F71972394B00F08D01 /* Icon-40@2x.png in Resources */ = {isa = PBXBuildFile; fileRef = CB4C07E71972394B00F08D01 /* Icon-40@2x.png */; };
		CB4C07F81972394B00F08D01 /* Icon-60.png in Resources */ = {isa = PBXBuildFile; fileRef = CB4C07E81972394B00F08D01 /* Icon-60.png */; };
		CB4C07F91972394B00F08D01 /* Icon-60@2x.png in Resources */ = {isa = PBXBuildFile; fileRef = CB4C07E91972394B00F08D01 /* Icon-60@2x.png */; };
		CB4C07FA1972394B00F08D01 /* Icon-72.png in Resources */ = {isa = PBXBuildFile; fileRef = CB4C07EA1972394B00F08D01 /* Icon-72.png */; };
		CB4C07FB1972394B00F08D01 /* Icon-72@2x.png in Resources */ = {isa = PBXBuildFile; fileRef = CB4C07EB1972394B00F08D01 /* Icon-72@2x.png */; };
		CB4C07FC1972394B00F08D01 /* Icon-76.png in Resources */ = {isa = PBXBuildFile; fileRef = CB4C07EC1972394B00F08D01 /* Icon-76.png */; };
		CB4C07FD1972394B00F08D01 /* Icon-76@2x.png in Resources */ = {isa = PBXBuildFile; fileRef = CB4C07ED1972394B00F08D01 /* Icon-76@2x.png */; };
		CB4C07FE1972394B00F08D01 /* Icon-Small-50.png in Resources */ = {isa = PBXBuildFile; fileRef = CB4C07EE1972394B00F08D01 /* Icon-Small-50.png */; };
		CB4C07FF1972394B00F08D01 /* Icon-Small-50@2x.png in Resources */ = {isa = PBXBuildFile; fileRef = CB4C07EF1972394B00F08D01 /* Icon-Small-50@2x.png */; };
		CB4C08001972394B00F08D01 /* Icon-Small.png in Resources */ = {isa = PBXBuildFile; fileRef = CB4C07F01972394B00F08D01 /* Icon-Small.png */; };
		CB4C08011972394B00F08D01 /* Icon-Small@2x.png in Resources */ = {isa = PBXBuildFile; fileRef = CB4C07F11972394B00F08D01 /* Icon-Small@2x.png */; };
		CB4C08021972394B00F08D01 /* Icon.png in Resources */ = {isa = PBXBuildFile; fileRef = CB4C07F21972394B00F08D01 /* Icon.png */; };
		CB4C08031972394B00F08D01 /* Icon@2x.png in Resources */ = {isa = PBXBuildFile; fileRef = CB4C07F31972394B00F08D01 /* Icon@2x.png */; };
		CB4C08041972394B00F08D01 /* iTunesArtwork.png in Resources */ = {isa = PBXBuildFile; fileRef = CB4C07F41972394B00F08D01 /* iTunesArtwork.png */; };
		CB4C08051972394B00F08D01 /* iTunesArtwork@2x.png in Resources */ = {isa = PBXBuildFile; fileRef = CB4C07F51972394B00F08D01 /* iTunesArtwork@2x.png */; };
		CB529B021AACDAF600C02E9F /* KeychainItemWrapper.m in Sources */ = {isa = PBXBuildFile; fileRef = CB529B011AACDAF600C02E9F /* KeychainItemWrapper.m */; };
		CB87395D1B1B56A600074C31 /* RegisterToVoteViewController.m in Sources */ = {isa = PBXBuildFile; fileRef = CB87395C1B1B56A600074C31 /* RegisterToVoteViewController.m */; };
		CB927D791C5552450069AE50 /* VTALoginViewController.swift in Sources */ = {isa = PBXBuildFile; fileRef = CB927D781C5552450069AE50 /* VTALoginViewController.swift */; };
		CB927D7B1C55A8900069AE50 /* VTASignUpViewController.swift in Sources */ = {isa = PBXBuildFile; fileRef = CB927D7A1C55A8900069AE50 /* VTASignUpViewController.swift */; };
		CB927D951C589E770069AE50 /* VTAWebViewController.swift in Sources */ = {isa = PBXBuildFile; fileRef = CB927D941C589E760069AE50 /* VTAWebViewController.swift */; };
		CB927D9C1C58B18C0069AE50 /* VTAProfileController.swift in Sources */ = {isa = PBXBuildFile; fileRef = CB927D9B1C58B18C0069AE50 /* VTAProfileController.swift */; };
		CB9632701B2ED31C009C240C /* Register-Icon.png in Resources */ = {isa = PBXBuildFile; fileRef = CB96326F1B2ED31C009C240C /* Register-Icon.png */; };
		CB9632721B2ED32B009C240C /* Get Friends to Vote.png in Resources */ = {isa = PBXBuildFile; fileRef = CB9632711B2ED32B009C240C /* Get Friends to Vote.png */; };
		CB9632741B2ED337009C240C /* Ballots and Candidate.png in Resources */ = {isa = PBXBuildFile; fileRef = CB9632731B2ED337009C240C /* Ballots and Candidate.png */; };
		CB9632761B2ED343009C240C /* Settings.png in Resources */ = {isa = PBXBuildFile; fileRef = CB9632751B2ED343009C240C /* Settings.png */; };
		CB96327C1B2ED87D009C240C /* RegisterToVoteStateTableViewController.m in Sources */ = {isa = PBXBuildFile; fileRef = CB96327B1B2ED87D009C240C /* RegisterToVoteStateTableViewController.m */; };
		CB96327F1B2EDC03009C240C /* BalltotCandidateStateTableViewController.m in Sources */ = {isa = PBXBuildFile; fileRef = CB96327E1B2EDC03009C240C /* BalltotCandidateStateTableViewController.m */; };
		CB9632831B2EDD32009C240C /* BallotCandidateTableViewController.m in Sources */ = {isa = PBXBuildFile; fileRef = CB9632821B2EDD32009C240C /* BallotCandidateTableViewController.m */; };
		CB9632861B2EE2C3009C240C /* NotificationsTableViewController.m in Sources */ = {isa = PBXBuildFile; fileRef = CB9632851B2EE2C3009C240C /* NotificationsTableViewController.m */; };
		CB9632AD1B3178FB009C240C /* AboutThisAppViewController.m in Sources */ = {isa = PBXBuildFile; fileRef = CB9632AC1B3178FB009C240C /* AboutThisAppViewController.m */; };
		CBAA21AE1971F921008404F7 /* Foundation.framework in Frameworks */ = {isa = PBXBuildFile; fileRef = CBAA21AD1971F921008404F7 /* Foundation.framework */; };
		CBAA21B01971F921008404F7 /* CoreGraphics.framework in Frameworks */ = {isa = PBXBuildFile; fileRef = CBAA21AF1971F921008404F7 /* CoreGraphics.framework */; };
		CBAA21B21971F921008404F7 /* UIKit.framework in Frameworks */ = {isa = PBXBuildFile; fileRef = CBAA21B11971F921008404F7 /* UIKit.framework */; };
		CBAA21B81971F921008404F7 /* InfoPlist.strings in Resources */ = {isa = PBXBuildFile; fileRef = CBAA21B61971F921008404F7 /* InfoPlist.strings */; };
		CBAA21BA1971F921008404F7 /* main.m in Sources */ = {isa = PBXBuildFile; fileRef = CBAA21B91971F921008404F7 /* main.m */; };
		CBAA21BE1971F921008404F7 /* XYZAppDelegate.m in Sources */ = {isa = PBXBuildFile; fileRef = CBAA21BD1971F921008404F7 /* XYZAppDelegate.m */; };
		CBAA21C11971F921008404F7 /* MainStoryboard.storyboard in Resources */ = {isa = PBXBuildFile; fileRef = CBAA21BF1971F921008404F7 /* MainStoryboard.storyboard */; };
		CBAA21C91971F921008404F7 /* Images.xcassets in Resources */ = {isa = PBXBuildFile; fileRef = CBAA21C81971F921008404F7 /* Images.xcassets */; };
		CBAA21D01971F921008404F7 /* XCTest.framework in Frameworks */ = {isa = PBXBuildFile; fileRef = CBAA21CF1971F921008404F7 /* XCTest.framework */; };
		CBAA21D11971F921008404F7 /* Foundation.framework in Frameworks */ = {isa = PBXBuildFile; fileRef = CBAA21AD1971F921008404F7 /* Foundation.framework */; };
		CBAA21D21971F921008404F7 /* UIKit.framework in Frameworks */ = {isa = PBXBuildFile; fileRef = CBAA21B11971F921008404F7 /* UIKit.framework */; };
		CBAA21DA1971F921008404F7 /* InfoPlist.strings in Resources */ = {isa = PBXBuildFile; fileRef = CBAA21D81971F921008404F7 /* InfoPlist.strings */; };
		CBAA21E81971FAD5008404F7 /* AudioToolbox.framework in Frameworks */ = {isa = PBXBuildFile; fileRef = CBAA21E71971FAD5008404F7 /* AudioToolbox.framework */; };
		CBAA21EA1971FADD008404F7 /* CFNetwork.framework in Frameworks */ = {isa = PBXBuildFile; fileRef = CBAA21E91971FADD008404F7 /* CFNetwork.framework */; };
		CBAA21EC1971FAEC008404F7 /* CoreLocation.framework in Frameworks */ = {isa = PBXBuildFile; fileRef = CBAA21EB1971FAEC008404F7 /* CoreLocation.framework */; };
		CBAA21EE1971FAF5008404F7 /* libz.dylib in Frameworks */ = {isa = PBXBuildFile; fileRef = CBAA21ED1971FAF5008404F7 /* libz.dylib */; };
		CBAA21F01971FAFC008404F7 /* MobileCoreServices.framework in Frameworks */ = {isa = PBXBuildFile; fileRef = CBAA21EF1971FAFC008404F7 /* MobileCoreServices.framework */; };
		CBAA21F21971FB04008404F7 /* QuartzCore.framework in Frameworks */ = {isa = PBXBuildFile; fileRef = CBAA21F11971FB04008404F7 /* QuartzCore.framework */; };
		CBAA21F41971FB0B008404F7 /* Security.framework in Frameworks */ = {isa = PBXBuildFile; fileRef = CBAA21F31971FB0B008404F7 /* Security.framework */; };
		CBAA21F61971FB1D008404F7 /* StoreKit.framework in Frameworks */ = {isa = PBXBuildFile; fileRef = CBAA21F51971FB1D008404F7 /* StoreKit.framework */; };
		CBAA21F81971FB28008404F7 /* SystemConfiguration.framework in Frameworks */ = {isa = PBXBuildFile; fileRef = CBAA21F71971FB28008404F7 /* SystemConfiguration.framework */; };
		CBAA21FA197200A5008404F7 /* Parse.framework in Frameworks */ = {isa = PBXBuildFile; fileRef = CBAA21F9197200A5008404F7 /* Parse.framework */; };
		CBAA21FC19720196008404F7 /* Social.framework in Frameworks */ = {isa = PBXBuildFile; fileRef = CBAA21FB19720196008404F7 /* Social.framework */; };
		CBAA21FE1972019C008404F7 /* Accounts.framework in Frameworks */ = {isa = PBXBuildFile; fileRef = CBAA21FD1972019C008404F7 /* Accounts.framework */; };
		CBB9F99D1B2397D90054D9E9 /* EditProfileViewController.m in Sources */ = {isa = PBXBuildFile; fileRef = CBB9F99C1B2397D90054D9E9 /* EditProfileViewController.m */; };
		CBB9F9A11B239A7E0054D9E9 /* GenderViewController.m in Sources */ = {isa = PBXBuildFile; fileRef = CBB9F9A01B239A7E0054D9E9 /* GenderViewController.m */; };
		CBB9F9A41B23C4F60054D9E9 /* LoginViewController.m in Sources */ = {isa = PBXBuildFile; fileRef = CBB9F9A31B23C4F60054D9E9 /* LoginViewController.m */; };
		CBB9F9A71B23CD700054D9E9 /* PartyViewController.m in Sources */ = {isa = PBXBuildFile; fileRef = CBB9F9A61B23CD700054D9E9 /* PartyViewController.m */; };
		CBB9F9AA1B23CF870054D9E9 /* PhoneNumberViewController.m in Sources */ = {isa = PBXBuildFile; fileRef = CBB9F9A91B23CF870054D9E9 /* PhoneNumberViewController.m */; };
		CBB9F9AD1B23D0A40054D9E9 /* ZipCodeViewController.m in Sources */ = {isa = PBXBuildFile; fileRef = CBB9F9AC1B23D0A40054D9E9 /* ZipCodeViewController.m */; };
		CBB9F9B31B2405730054D9E9 /* RegisteredTableViewController.m in Sources */ = {isa = PBXBuildFile; fileRef = CBB9F9B21B2405730054D9E9 /* RegisteredTableViewController.m */; };
		CBB9F9B61B24057E0054D9E9 /* VotedTableViewController.m in Sources */ = {isa = PBXBuildFile; fileRef = CBB9F9B51B24057E0054D9E9 /* VotedTableViewController.m */; };
		CBBE9FB01C729850006B9FD4 /* VTAHomeViewController.swift in Sources */ = {isa = PBXBuildFile; fileRef = CBBE9FAF1C729850006B9FD4 /* VTAHomeViewController.swift */; };
		CBBE9FB41C729918006B9FD4 /* VTAPollTableViewCell.swift in Sources */ = {isa = PBXBuildFile; fileRef = CBBE9FB21C729918006B9FD4 /* VTAPollTableViewCell.swift */; };
		CBBE9FB51C729918006B9FD4 /* VTAPollTableViewCell.xib in Resources */ = {isa = PBXBuildFile; fileRef = CBBE9FB31C729918006B9FD4 /* VTAPollTableViewCell.xib */; };
		CBBE9FBB1C72A3FB006B9FD4 /* VTAPostClient.swift in Sources */ = {isa = PBXBuildFile; fileRef = CBBE9FBA1C72A3FB006B9FD4 /* VTAPostClient.swift */; };
		CBBE9FCB1C7303C2006B9FD4 /* VTANewPollViewController.swift in Sources */ = {isa = PBXBuildFile; fileRef = CBBE9FCA1C7303C2006B9FD4 /* VTANewPollViewController.swift */; };
		CBBE9FCD1C74544C006B9FD4 /* VTAIssueClient.swift in Sources */ = {isa = PBXBuildFile; fileRef = CBBE9FCC1C74544C006B9FD4 /* VTAIssueClient.swift */; };
		CBBE9FD41C77007B006B9FD4 /* comments.png in Resources */ = {isa = PBXBuildFile; fileRef = CBBE9FD31C77007B006B9FD4 /* comments.png */; };
		CBBE9FD61C7700EB006B9FD4 /* votes.png in Resources */ = {isa = PBXBuildFile; fileRef = CBBE9FD51C7700EB006B9FD4 /* votes.png */; };
		CBD18A261B17F59D00E1911A /* Vota.storyboard in Resources */ = {isa = PBXBuildFile; fileRef = CBD18A251B17F59D00E1911A /* Vota.storyboard */; };
		CBF3707B19780D8F00157BBD /* MapKit.framework in Frameworks */ = {isa = PBXBuildFile; fileRef = CBF3707A19780D8F00157BBD /* MapKit.framework */; };
/* End PBXBuildFile section */

/* Begin PBXContainerItemProxy section */
		CBAA21D31971F921008404F7 /* PBXContainerItemProxy */ = {
			isa = PBXContainerItemProxy;
			containerPortal = CBAA21A21971F921008404F7 /* Project object */;
			proxyType = 1;
			remoteGlobalIDString = CBAA21A91971F921008404F7;
			remoteInfo = Vota;
		};
/* End PBXContainerItemProxy section */

/* Begin PBXFileReference section */
		CB04513219B29DBF0096E904 /* VTSettings.h */ = {isa = PBXFileReference; fileEncoding = 4; lastKnownFileType = sourcecode.c.h; path = VTSettings.h; sourceTree = "<group>"; };
		CB04513319B29DBF0096E904 /* VTSettings.m */ = {isa = PBXFileReference; fileEncoding = 4; lastKnownFileType = sourcecode.c.objc; path = VTSettings.m; sourceTree = "<group>"; };
		CB138D401C82BFD30046CF12 /* VTAPollController.swift */ = {isa = PBXFileReference; fileEncoding = 4; lastKnownFileType = sourcecode.swift; path = VTAPollController.swift; sourceTree = "<group>"; };
		CB138D421C82C0600046CF12 /* VTAForgotPasswordViewController.swift */ = {isa = PBXFileReference; fileEncoding = 4; lastKnownFileType = sourcecode.swift; path = VTAForgotPasswordViewController.swift; sourceTree = "<group>"; };
		CB138D491C8371300046CF12 /* VTAPollDetailViewController.swift */ = {isa = PBXFileReference; fileEncoding = 4; lastKnownFileType = sourcecode.swift; path = VTAPollDetailViewController.swift; sourceTree = "<group>"; };
		CB138D4B1C83781B0046CF12 /* VTACommentClient.swift */ = {isa = PBXFileReference; fileEncoding = 4; lastKnownFileType = sourcecode.swift; name = VTACommentClient.swift; path = ../VTACommentClient.swift; sourceTree = "<group>"; };
		CB138D531C83E3D10046CF12 /* VTACommentTableViewCell.swift */ = {isa = PBXFileReference; fileEncoding = 4; lastKnownFileType = sourcecode.swift; path = VTACommentTableViewCell.swift; sourceTree = "<group>"; };
		CB138D541C83E3D10046CF12 /* VTACommentTableViewCell.xib */ = {isa = PBXFileReference; fileEncoding = 4; lastKnownFileType = file.xib; path = VTACommentTableViewCell.xib; sourceTree = "<group>"; };
		CB138D571C841C470046CF12 /* VTAFeaturedNewsTableViewCell.swift */ = {isa = PBXFileReference; fileEncoding = 4; lastKnownFileType = sourcecode.swift; path = VTAFeaturedNewsTableViewCell.swift; sourceTree = "<group>"; };
		CB138D581C841C470046CF12 /* VTAFeaturedNewsTableViewCell.xib */ = {isa = PBXFileReference; fileEncoding = 4; lastKnownFileType = file.xib; path = VTAFeaturedNewsTableViewCell.xib; sourceTree = "<group>"; };
		CB138D5B1C842ADB0046CF12 /* VTAFeatureNewsCollectionViewCell.swift */ = {isa = PBXFileReference; fileEncoding = 4; lastKnownFileType = sourcecode.swift; path = VTAFeatureNewsCollectionViewCell.swift; sourceTree = "<group>"; };
		CB138D5C1C842ADC0046CF12 /* VTAFeatureNewsCollectionViewCell.xib */ = {isa = PBXFileReference; fileEncoding = 4; lastKnownFileType = file.xib; path = VTAFeatureNewsCollectionViewCell.xib; sourceTree = "<group>"; };
		CB138D5F1C8566B10046CF12 /* VTASearchViewController.swift */ = {isa = PBXFileReference; fileEncoding = 4; lastKnownFileType = sourcecode.swift; path = VTASearchViewController.swift; sourceTree = "<group>"; };
		CB138D611C8568090046CF12 /* VTAStyleClass.swift */ = {isa = PBXFileReference; fileEncoding = 4; lastKnownFileType = sourcecode.swift; path = VTAStyleClass.swift; sourceTree = "<group>"; };
		CB138D631C857C7A0046CF12 /* VTAFilteredSearchViewController.swift */ = {isa = PBXFileReference; fileEncoding = 4; lastKnownFileType = sourcecode.swift; path = VTAFilteredSearchViewController.swift; sourceTree = "<group>"; };
		CB138D651C86ACEB0046CF12 /* VTAUserClient.swift */ = {isa = PBXFileReference; fileEncoding = 4; lastKnownFileType = sourcecode.swift; path = VTAUserClient.swift; sourceTree = "<group>"; };
		CB138D691C86AE700046CF12 /* VTAUserTableViewCell.swift */ = {isa = PBXFileReference; fileEncoding = 4; lastKnownFileType = sourcecode.swift; path = VTAUserTableViewCell.swift; sourceTree = "<group>"; };
		CB138D6A1C86AE700046CF12 /* VTAUserTableViewCell.xib */ = {isa = PBXFileReference; fileEncoding = 4; lastKnownFileType = file.xib; path = VTAUserTableViewCell.xib; sourceTree = "<group>"; };
		CB138D6D1C86B40F0046CF12 /* defaultProfilePicture.png */ = {isa = PBXFileReference; lastKnownFileType = image.png; path = defaultProfilePicture.png; sourceTree = "<group>"; };
		CB1DC90B197C9E84000DA1C4 /* ProgressHUD.h */ = {isa = PBXFileReference; fileEncoding = 4; lastKnownFileType = sourcecode.c.h; path = ProgressHUD.h; sourceTree = "<group>"; };
		CB1DC90C197C9E84000DA1C4 /* ProgressHUD.m */ = {isa = PBXFileReference; fileEncoding = 4; lastKnownFileType = sourcecode.c.objc; path = ProgressHUD.m; sourceTree = "<group>"; };
		CB27B7621C6C5B78001736A5 /* VTAParentViewController.swift */ = {isa = PBXFileReference; fileEncoding = 4; lastKnownFileType = sourcecode.swift; path = VTAParentViewController.swift; sourceTree = "<group>"; };
		CB27B7641C6C77CD001736A5 /* VTAProfileViewController.swift */ = {isa = PBXFileReference; fileEncoding = 4; lastKnownFileType = sourcecode.swift; path = VTAProfileViewController.swift; sourceTree = "<group>"; };
		CB27B76E1C6DBAB9001736A5 /* Launch Screen.storyboard */ = {isa = PBXFileReference; fileEncoding = 4; lastKnownFileType = file.storyboard; path = "Launch Screen.storyboard"; sourceTree = "<group>"; };
		CB3417461B1B58E700CE74C1 /* RegisterToVoteWebpageViewController.h */ = {isa = PBXFileReference; fileEncoding = 4; lastKnownFileType = sourcecode.c.h; path = RegisterToVoteWebpageViewController.h; sourceTree = "<group>"; };
		CB3417471B1B58E700CE74C1 /* RegisterToVoteWebpageViewController.m */ = {isa = PBXFileReference; fileEncoding = 4; lastKnownFileType = sourcecode.c.objc; path = RegisterToVoteWebpageViewController.m; sourceTree = "<group>"; };
		CB3417501B1C270E00CE74C1 /* GetFriendsToVoteViewController.h */ = {isa = PBXFileReference; fileEncoding = 4; lastKnownFileType = sourcecode.c.h; path = GetFriendsToVoteViewController.h; sourceTree = "<group>"; };
		CB3417511B1C270E00CE74C1 /* GetFriendsToVoteViewController.m */ = {isa = PBXFileReference; fileEncoding = 4; lastKnownFileType = sourcecode.c.objc; path = GetFriendsToVoteViewController.m; sourceTree = "<group>"; };
		CB3417531B1C5FC400CE74C1 /* SettingsViewController.h */ = {isa = PBXFileReference; fileEncoding = 4; lastKnownFileType = sourcecode.c.h; path = SettingsViewController.h; sourceTree = "<group>"; };
		CB3417541B1C5FC400CE74C1 /* SettingsViewController.m */ = {isa = PBXFileReference; fileEncoding = 4; lastKnownFileType = sourcecode.c.objc; path = SettingsViewController.m; sourceTree = "<group>"; };
		CB3417561B1C61D600CE74C1 /* VotaViewController.h */ = {isa = PBXFileReference; fileEncoding = 4; lastKnownFileType = sourcecode.c.h; path = VotaViewController.h; sourceTree = "<group>"; };
		CB3417571B1C61D600CE74C1 /* VotaViewController.m */ = {isa = PBXFileReference; fileEncoding = 4; lastKnownFileType = sourcecode.c.objc; path = VotaViewController.m; sourceTree = "<group>"; };
		CB4438171C69CF520073D42E /* VTAOrganizationSignUpViewController.swift */ = {isa = PBXFileReference; fileEncoding = 4; lastKnownFileType = sourcecode.swift; path = VTAOrganizationSignUpViewController.swift; sourceTree = "<group>"; };
		CB4C07C2197229A300F08D01 /* FacebookSDK.framework */ = {isa = PBXFileReference; lastKnownFileType = wrapper.framework; path = FacebookSDK.framework; sourceTree = "<group>"; };
		CB4C07E61972394B00F08D01 /* Icon-40.png */ = {isa = PBXFileReference; lastKnownFileType = image.png; path = "Icon-40.png"; sourceTree = "<group>"; };
		CB4C07E71972394B00F08D01 /* Icon-40@2x.png */ = {isa = PBXFileReference; lastKnownFileType = image.png; path = "Icon-40@2x.png"; sourceTree = "<group>"; };
		CB4C07E81972394B00F08D01 /* Icon-60.png */ = {isa = PBXFileReference; lastKnownFileType = image.png; path = "Icon-60.png"; sourceTree = "<group>"; };
		CB4C07E91972394B00F08D01 /* Icon-60@2x.png */ = {isa = PBXFileReference; lastKnownFileType = image.png; path = "Icon-60@2x.png"; sourceTree = "<group>"; };
		CB4C07EA1972394B00F08D01 /* Icon-72.png */ = {isa = PBXFileReference; lastKnownFileType = image.png; path = "Icon-72.png"; sourceTree = "<group>"; };
		CB4C07EB1972394B00F08D01 /* Icon-72@2x.png */ = {isa = PBXFileReference; lastKnownFileType = image.png; path = "Icon-72@2x.png"; sourceTree = "<group>"; };
		CB4C07EC1972394B00F08D01 /* Icon-76.png */ = {isa = PBXFileReference; lastKnownFileType = image.png; path = "Icon-76.png"; sourceTree = "<group>"; };
		CB4C07ED1972394B00F08D01 /* Icon-76@2x.png */ = {isa = PBXFileReference; lastKnownFileType = image.png; path = "Icon-76@2x.png"; sourceTree = "<group>"; };
		CB4C07EE1972394B00F08D01 /* Icon-Small-50.png */ = {isa = PBXFileReference; lastKnownFileType = image.png; path = "Icon-Small-50.png"; sourceTree = "<group>"; };
		CB4C07EF1972394B00F08D01 /* Icon-Small-50@2x.png */ = {isa = PBXFileReference; lastKnownFileType = image.png; path = "Icon-Small-50@2x.png"; sourceTree = "<group>"; };
		CB4C07F01972394B00F08D01 /* Icon-Small.png */ = {isa = PBXFileReference; lastKnownFileType = image.png; path = "Icon-Small.png"; sourceTree = "<group>"; };
		CB4C07F11972394B00F08D01 /* Icon-Small@2x.png */ = {isa = PBXFileReference; lastKnownFileType = image.png; path = "Icon-Small@2x.png"; sourceTree = "<group>"; };
		CB4C07F21972394B00F08D01 /* Icon.png */ = {isa = PBXFileReference; lastKnownFileType = image.png; path = Icon.png; sourceTree = "<group>"; };
		CB4C07F31972394B00F08D01 /* Icon@2x.png */ = {isa = PBXFileReference; lastKnownFileType = image.png; path = "Icon@2x.png"; sourceTree = "<group>"; };
		CB4C07F41972394B00F08D01 /* iTunesArtwork.png */ = {isa = PBXFileReference; lastKnownFileType = image.png; path = iTunesArtwork.png; sourceTree = "<group>"; };
		CB4C07F51972394B00F08D01 /* iTunesArtwork@2x.png */ = {isa = PBXFileReference; lastKnownFileType = image.png; path = "iTunesArtwork@2x.png"; sourceTree = "<group>"; };
		CB529B001AACDAF600C02E9F /* KeychainItemWrapper.h */ = {isa = PBXFileReference; fileEncoding = 4; lastKnownFileType = sourcecode.c.h; path = KeychainItemWrapper.h; sourceTree = "<group>"; };
		CB529B011AACDAF600C02E9F /* KeychainItemWrapper.m */ = {isa = PBXFileReference; fileEncoding = 4; lastKnownFileType = sourcecode.c.objc; path = KeychainItemWrapper.m; sourceTree = "<group>"; };
		CB87395B1B1B56A600074C31 /* RegisterToVoteViewController.h */ = {isa = PBXFileReference; fileEncoding = 4; lastKnownFileType = sourcecode.c.h; path = RegisterToVoteViewController.h; sourceTree = "<group>"; };
		CB87395C1B1B56A600074C31 /* RegisterToVoteViewController.m */ = {isa = PBXFileReference; fileEncoding = 4; lastKnownFileType = sourcecode.c.objc; path = RegisterToVoteViewController.m; sourceTree = "<group>"; };
		CB927D771C5552450069AE50 /* Vota-Bridging-Header.h */ = {isa = PBXFileReference; lastKnownFileType = sourcecode.c.h; path = "Vota-Bridging-Header.h"; sourceTree = "<group>"; };
		CB927D781C5552450069AE50 /* VTALoginViewController.swift */ = {isa = PBXFileReference; fileEncoding = 4; lastKnownFileType = sourcecode.swift; path = VTALoginViewController.swift; sourceTree = "<group>"; };
		CB927D7A1C55A8900069AE50 /* VTASignUpViewController.swift */ = {isa = PBXFileReference; fileEncoding = 4; lastKnownFileType = sourcecode.swift; path = VTASignUpViewController.swift; sourceTree = "<group>"; };
		CB927D941C589E760069AE50 /* VTAWebViewController.swift */ = {isa = PBXFileReference; fileEncoding = 4; lastKnownFileType = sourcecode.swift; path = VTAWebViewController.swift; sourceTree = "<group>"; };
		CB927D9B1C58B18C0069AE50 /* VTAProfileController.swift */ = {isa = PBXFileReference; fileEncoding = 4; lastKnownFileType = sourcecode.swift; path = VTAProfileController.swift; sourceTree = "<group>"; };
		CB96326F1B2ED31C009C240C /* Register-Icon.png */ = {isa = PBXFileReference; lastKnownFileType = image.png; path = "Register-Icon.png"; sourceTree = "<group>"; };
		CB9632711B2ED32B009C240C /* Get Friends to Vote.png */ = {isa = PBXFileReference; lastKnownFileType = image.png; path = "Get Friends to Vote.png"; sourceTree = "<group>"; };
		CB9632731B2ED337009C240C /* Ballots and Candidate.png */ = {isa = PBXFileReference; lastKnownFileType = image.png; path = "Ballots and Candidate.png"; sourceTree = "<group>"; };
		CB9632751B2ED343009C240C /* Settings.png */ = {isa = PBXFileReference; lastKnownFileType = image.png; path = Settings.png; sourceTree = "<group>"; };
		CB96327A1B2ED87D009C240C /* RegisterToVoteStateTableViewController.h */ = {isa = PBXFileReference; fileEncoding = 4; lastKnownFileType = sourcecode.c.h; path = RegisterToVoteStateTableViewController.h; sourceTree = "<group>"; };
		CB96327B1B2ED87D009C240C /* RegisterToVoteStateTableViewController.m */ = {isa = PBXFileReference; fileEncoding = 4; lastKnownFileType = sourcecode.c.objc; path = RegisterToVoteStateTableViewController.m; sourceTree = "<group>"; };
		CB96327D1B2EDC03009C240C /* BalltotCandidateStateTableViewController.h */ = {isa = PBXFileReference; fileEncoding = 4; lastKnownFileType = sourcecode.c.h; path = BalltotCandidateStateTableViewController.h; sourceTree = "<group>"; };
		CB96327E1B2EDC03009C240C /* BalltotCandidateStateTableViewController.m */ = {isa = PBXFileReference; fileEncoding = 4; lastKnownFileType = sourcecode.c.objc; path = BalltotCandidateStateTableViewController.m; sourceTree = "<group>"; };
		CB9632811B2EDD32009C240C /* BallotCandidateTableViewController.h */ = {isa = PBXFileReference; fileEncoding = 4; lastKnownFileType = sourcecode.c.h; path = BallotCandidateTableViewController.h; sourceTree = "<group>"; };
		CB9632821B2EDD32009C240C /* BallotCandidateTableViewController.m */ = {isa = PBXFileReference; fileEncoding = 4; lastKnownFileType = sourcecode.c.objc; path = BallotCandidateTableViewController.m; sourceTree = "<group>"; };
		CB9632841B2EE2C3009C240C /* NotificationsTableViewController.h */ = {isa = PBXFileReference; fileEncoding = 4; lastKnownFileType = sourcecode.c.h; path = NotificationsTableViewController.h; sourceTree = "<group>"; };
		CB9632851B2EE2C3009C240C /* NotificationsTableViewController.m */ = {isa = PBXFileReference; fileEncoding = 4; lastKnownFileType = sourcecode.c.objc; path = NotificationsTableViewController.m; sourceTree = "<group>"; };
		CB9632AB1B3178FB009C240C /* AboutThisAppViewController.h */ = {isa = PBXFileReference; fileEncoding = 4; lastKnownFileType = sourcecode.c.h; path = AboutThisAppViewController.h; sourceTree = "<group>"; };
		CB9632AC1B3178FB009C240C /* AboutThisAppViewController.m */ = {isa = PBXFileReference; fileEncoding = 4; lastKnownFileType = sourcecode.c.objc; path = AboutThisAppViewController.m; sourceTree = "<group>"; };
		CBAA21AA1971F921008404F7 /* Vota.app */ = {isa = PBXFileReference; explicitFileType = wrapper.application; includeInIndex = 0; path = Vota.app; sourceTree = BUILT_PRODUCTS_DIR; };
		CBAA21AD1971F921008404F7 /* Foundation.framework */ = {isa = PBXFileReference; lastKnownFileType = wrapper.framework; name = Foundation.framework; path = System/Library/Frameworks/Foundation.framework; sourceTree = SDKROOT; };
		CBAA21AF1971F921008404F7 /* CoreGraphics.framework */ = {isa = PBXFileReference; lastKnownFileType = wrapper.framework; name = CoreGraphics.framework; path = System/Library/Frameworks/CoreGraphics.framework; sourceTree = SDKROOT; };
		CBAA21B11971F921008404F7 /* UIKit.framework */ = {isa = PBXFileReference; lastKnownFileType = wrapper.framework; name = UIKit.framework; path = System/Library/Frameworks/UIKit.framework; sourceTree = SDKROOT; };
		CBAA21B51971F921008404F7 /* Vota-Info.plist */ = {isa = PBXFileReference; lastKnownFileType = text.plist.xml; path = "Vota-Info.plist"; sourceTree = "<group>"; };
		CBAA21B71971F921008404F7 /* en */ = {isa = PBXFileReference; lastKnownFileType = text.plist.strings; name = en; path = en.lproj/InfoPlist.strings; sourceTree = "<group>"; };
		CBAA21B91971F921008404F7 /* main.m */ = {isa = PBXFileReference; lastKnownFileType = sourcecode.c.objc; path = main.m; sourceTree = "<group>"; };
		CBAA21BB1971F921008404F7 /* Vota-Prefix.pch */ = {isa = PBXFileReference; lastKnownFileType = sourcecode.c.h; path = "Vota-Prefix.pch"; sourceTree = "<group>"; };
		CBAA21BC1971F921008404F7 /* XYZAppDelegate.h */ = {isa = PBXFileReference; lastKnownFileType = sourcecode.c.h; path = XYZAppDelegate.h; sourceTree = "<group>"; };
		CBAA21BD1971F921008404F7 /* XYZAppDelegate.m */ = {isa = PBXFileReference; lastKnownFileType = sourcecode.c.objc; path = XYZAppDelegate.m; sourceTree = "<group>"; };
		CBAA21C01971F921008404F7 /* Base */ = {isa = PBXFileReference; lastKnownFileType = file.storyboard; name = Base; path = Base.lproj/MainStoryboard.storyboard; sourceTree = "<group>"; };
		CBAA21C81971F921008404F7 /* Images.xcassets */ = {isa = PBXFileReference; lastKnownFileType = folder.assetcatalog; path = Images.xcassets; sourceTree = "<group>"; };
		CBAA21CE1971F921008404F7 /* VotaTests.xctest */ = {isa = PBXFileReference; explicitFileType = wrapper.cfbundle; includeInIndex = 0; path = VotaTests.xctest; sourceTree = BUILT_PRODUCTS_DIR; };
		CBAA21CF1971F921008404F7 /* XCTest.framework */ = {isa = PBXFileReference; lastKnownFileType = wrapper.framework; name = XCTest.framework; path = Library/Frameworks/XCTest.framework; sourceTree = DEVELOPER_DIR; };
		CBAA21D71971F921008404F7 /* VotaTests-Info.plist */ = {isa = PBXFileReference; lastKnownFileType = text.plist.xml; path = "VotaTests-Info.plist"; sourceTree = "<group>"; };
		CBAA21D91971F921008404F7 /* en */ = {isa = PBXFileReference; lastKnownFileType = text.plist.strings; name = en; path = en.lproj/InfoPlist.strings; sourceTree = "<group>"; };
		CBAA21E71971FAD5008404F7 /* AudioToolbox.framework */ = {isa = PBXFileReference; lastKnownFileType = wrapper.framework; name = AudioToolbox.framework; path = System/Library/Frameworks/AudioToolbox.framework; sourceTree = SDKROOT; };
		CBAA21E91971FADD008404F7 /* CFNetwork.framework */ = {isa = PBXFileReference; lastKnownFileType = wrapper.framework; name = CFNetwork.framework; path = System/Library/Frameworks/CFNetwork.framework; sourceTree = SDKROOT; };
		CBAA21EB1971FAEC008404F7 /* CoreLocation.framework */ = {isa = PBXFileReference; lastKnownFileType = wrapper.framework; name = CoreLocation.framework; path = System/Library/Frameworks/CoreLocation.framework; sourceTree = SDKROOT; };
		CBAA21ED1971FAF5008404F7 /* libz.dylib */ = {isa = PBXFileReference; lastKnownFileType = "compiled.mach-o.dylib"; name = libz.dylib; path = usr/lib/libz.dylib; sourceTree = SDKROOT; };
		CBAA21EF1971FAFC008404F7 /* MobileCoreServices.framework */ = {isa = PBXFileReference; lastKnownFileType = wrapper.framework; name = MobileCoreServices.framework; path = System/Library/Frameworks/MobileCoreServices.framework; sourceTree = SDKROOT; };
		CBAA21F11971FB04008404F7 /* QuartzCore.framework */ = {isa = PBXFileReference; lastKnownFileType = wrapper.framework; name = QuartzCore.framework; path = System/Library/Frameworks/QuartzCore.framework; sourceTree = SDKROOT; };
		CBAA21F31971FB0B008404F7 /* Security.framework */ = {isa = PBXFileReference; lastKnownFileType = wrapper.framework; name = Security.framework; path = System/Library/Frameworks/Security.framework; sourceTree = SDKROOT; };
		CBAA21F51971FB1D008404F7 /* StoreKit.framework */ = {isa = PBXFileReference; lastKnownFileType = wrapper.framework; name = StoreKit.framework; path = System/Library/Frameworks/StoreKit.framework; sourceTree = SDKROOT; };
		CBAA21F71971FB28008404F7 /* SystemConfiguration.framework */ = {isa = PBXFileReference; lastKnownFileType = wrapper.framework; name = SystemConfiguration.framework; path = System/Library/Frameworks/SystemConfiguration.framework; sourceTree = SDKROOT; };
		CBAA21F9197200A5008404F7 /* Parse.framework */ = {isa = PBXFileReference; lastKnownFileType = wrapper.framework; path = Parse.framework; sourceTree = "<group>"; };
		CBAA21FB19720196008404F7 /* Social.framework */ = {isa = PBXFileReference; lastKnownFileType = wrapper.framework; name = Social.framework; path = System/Library/Frameworks/Social.framework; sourceTree = SDKROOT; };
		CBAA21FD1972019C008404F7 /* Accounts.framework */ = {isa = PBXFileReference; lastKnownFileType = wrapper.framework; name = Accounts.framework; path = System/Library/Frameworks/Accounts.framework; sourceTree = SDKROOT; };
		CBB9F99B1B2397D90054D9E9 /* EditProfileViewController.h */ = {isa = PBXFileReference; fileEncoding = 4; lastKnownFileType = sourcecode.c.h; path = EditProfileViewController.h; sourceTree = "<group>"; };
		CBB9F99C1B2397D90054D9E9 /* EditProfileViewController.m */ = {isa = PBXFileReference; fileEncoding = 4; lastKnownFileType = sourcecode.c.objc; path = EditProfileViewController.m; sourceTree = "<group>"; };
		CBB9F99F1B239A7E0054D9E9 /* GenderViewController.h */ = {isa = PBXFileReference; fileEncoding = 4; lastKnownFileType = sourcecode.c.h; path = GenderViewController.h; sourceTree = "<group>"; };
		CBB9F9A01B239A7E0054D9E9 /* GenderViewController.m */ = {isa = PBXFileReference; fileEncoding = 4; lastKnownFileType = sourcecode.c.objc; path = GenderViewController.m; sourceTree = "<group>"; };
		CBB9F9A21B23C4F60054D9E9 /* LoginViewController.h */ = {isa = PBXFileReference; fileEncoding = 4; lastKnownFileType = sourcecode.c.h; path = LoginViewController.h; sourceTree = "<group>"; };
		CBB9F9A31B23C4F60054D9E9 /* LoginViewController.m */ = {isa = PBXFileReference; fileEncoding = 4; lastKnownFileType = sourcecode.c.objc; path = LoginViewController.m; sourceTree = "<group>"; };
		CBB9F9A51B23CD700054D9E9 /* PartyViewController.h */ = {isa = PBXFileReference; fileEncoding = 4; lastKnownFileType = sourcecode.c.h; path = PartyViewController.h; sourceTree = "<group>"; };
		CBB9F9A61B23CD700054D9E9 /* PartyViewController.m */ = {isa = PBXFileReference; fileEncoding = 4; lastKnownFileType = sourcecode.c.objc; path = PartyViewController.m; sourceTree = "<group>"; };
		CBB9F9A81B23CF870054D9E9 /* PhoneNumberViewController.h */ = {isa = PBXFileReference; fileEncoding = 4; lastKnownFileType = sourcecode.c.h; path = PhoneNumberViewController.h; sourceTree = "<group>"; };
		CBB9F9A91B23CF870054D9E9 /* PhoneNumberViewController.m */ = {isa = PBXFileReference; fileEncoding = 4; lastKnownFileType = sourcecode.c.objc; path = PhoneNumberViewController.m; sourceTree = "<group>"; };
		CBB9F9AB1B23D0A40054D9E9 /* ZipCodeViewController.h */ = {isa = PBXFileReference; fileEncoding = 4; lastKnownFileType = sourcecode.c.h; path = ZipCodeViewController.h; sourceTree = "<group>"; };
		CBB9F9AC1B23D0A40054D9E9 /* ZipCodeViewController.m */ = {isa = PBXFileReference; fileEncoding = 4; lastKnownFileType = sourcecode.c.objc; path = ZipCodeViewController.m; sourceTree = "<group>"; };
		CBB9F9B11B2405730054D9E9 /* RegisteredTableViewController.h */ = {isa = PBXFileReference; fileEncoding = 4; lastKnownFileType = sourcecode.c.h; path = RegisteredTableViewController.h; sourceTree = "<group>"; };
		CBB9F9B21B2405730054D9E9 /* RegisteredTableViewController.m */ = {isa = PBXFileReference; fileEncoding = 4; lastKnownFileType = sourcecode.c.objc; path = RegisteredTableViewController.m; sourceTree = "<group>"; };
		CBB9F9B41B24057E0054D9E9 /* VotedTableViewController.h */ = {isa = PBXFileReference; fileEncoding = 4; lastKnownFileType = sourcecode.c.h; path = VotedTableViewController.h; sourceTree = "<group>"; };
		CBB9F9B51B24057E0054D9E9 /* VotedTableViewController.m */ = {isa = PBXFileReference; fileEncoding = 4; lastKnownFileType = sourcecode.c.objc; path = VotedTableViewController.m; sourceTree = "<group>"; };
		CBBE9FAF1C729850006B9FD4 /* VTAHomeViewController.swift */ = {isa = PBXFileReference; fileEncoding = 4; lastKnownFileType = sourcecode.swift; path = VTAHomeViewController.swift; sourceTree = "<group>"; };
		CBBE9FB21C729918006B9FD4 /* VTAPollTableViewCell.swift */ = {isa = PBXFileReference; fileEncoding = 4; lastKnownFileType = sourcecode.swift; path = VTAPollTableViewCell.swift; sourceTree = "<group>"; };
		CBBE9FB31C729918006B9FD4 /* VTAPollTableViewCell.xib */ = {isa = PBXFileReference; fileEncoding = 4; lastKnownFileType = file.xib; path = VTAPollTableViewCell.xib; sourceTree = "<group>"; };
		CBBE9FBA1C72A3FB006B9FD4 /* VTAPostClient.swift */ = {isa = PBXFileReference; fileEncoding = 4; lastKnownFileType = sourcecode.swift; path = VTAPostClient.swift; sourceTree = "<group>"; };
		CBBE9FCA1C7303C2006B9FD4 /* VTANewPollViewController.swift */ = {isa = PBXFileReference; fileEncoding = 4; lastKnownFileType = sourcecode.swift; path = VTANewPollViewController.swift; sourceTree = "<group>"; };
		CBBE9FCC1C74544C006B9FD4 /* VTAIssueClient.swift */ = {isa = PBXFileReference; fileEncoding = 4; lastKnownFileType = sourcecode.swift; path = VTAIssueClient.swift; sourceTree = "<group>"; };
		CBBE9FD31C77007B006B9FD4 /* comments.png */ = {isa = PBXFileReference; lastKnownFileType = image.png; path = comments.png; sourceTree = "<group>"; };
		CBBE9FD51C7700EB006B9FD4 /* votes.png */ = {isa = PBXFileReference; lastKnownFileType = image.png; path = votes.png; sourceTree = "<group>"; };
		CBD18A251B17F59D00E1911A /* Vota.storyboard */ = {isa = PBXFileReference; fileEncoding = 4; lastKnownFileType = file.storyboard; path = Vota.storyboard; sourceTree = "<group>"; };
		CBF3707A19780D8F00157BBD /* MapKit.framework */ = {isa = PBXFileReference; lastKnownFileType = wrapper.framework; name = MapKit.framework; path = System/Library/Frameworks/MapKit.framework; sourceTree = SDKROOT; };
/* End PBXFileReference section */

/* Begin PBXFrameworksBuildPhase section */
		CBAA21A71971F921008404F7 /* Frameworks */ = {
			isa = PBXFrameworksBuildPhase;
			buildActionMask = 2147483647;
			files = (
				CBF3707B19780D8F00157BBD /* MapKit.framework in Frameworks */,
				CBAA21FE1972019C008404F7 /* Accounts.framework in Frameworks */,
				CBAA21FC19720196008404F7 /* Social.framework in Frameworks */,
				CBAA21F81971FB28008404F7 /* SystemConfiguration.framework in Frameworks */,
				CBAA21F61971FB1D008404F7 /* StoreKit.framework in Frameworks */,
				CBAA21F41971FB0B008404F7 /* Security.framework in Frameworks */,
				CBAA21F21971FB04008404F7 /* QuartzCore.framework in Frameworks */,
				CBAA21F01971FAFC008404F7 /* MobileCoreServices.framework in Frameworks */,
				CBAA21EE1971FAF5008404F7 /* libz.dylib in Frameworks */,
				CBAA21FA197200A5008404F7 /* Parse.framework in Frameworks */,
				CBAA21EC1971FAEC008404F7 /* CoreLocation.framework in Frameworks */,
				CBAA21B01971F921008404F7 /* CoreGraphics.framework in Frameworks */,
				CBAA21EA1971FADD008404F7 /* CFNetwork.framework in Frameworks */,
				CBAA21E81971FAD5008404F7 /* AudioToolbox.framework in Frameworks */,
				CB4C07C3197229A300F08D01 /* FacebookSDK.framework in Frameworks */,
				CBAA21B21971F921008404F7 /* UIKit.framework in Frameworks */,
				CBAA21AE1971F921008404F7 /* Foundation.framework in Frameworks */,
			);
			runOnlyForDeploymentPostprocessing = 0;
		};
		CBAA21CB1971F921008404F7 /* Frameworks */ = {
			isa = PBXFrameworksBuildPhase;
			buildActionMask = 2147483647;
			files = (
				CBAA21D01971F921008404F7 /* XCTest.framework in Frameworks */,
				CBAA21D21971F921008404F7 /* UIKit.framework in Frameworks */,
				CBAA21D11971F921008404F7 /* Foundation.framework in Frameworks */,
			);
			runOnlyForDeploymentPostprocessing = 0;
		};
/* End PBXFrameworksBuildPhase section */

/* Begin PBXGroup section */
		CB03D3D0199B6FC6001DB0B1 /* Default Images */ = {
			isa = PBXGroup;
			children = (
				CB4C07E61972394B00F08D01 /* Icon-40.png */,
				CB4C07E71972394B00F08D01 /* Icon-40@2x.png */,
				CB4C07E81972394B00F08D01 /* Icon-60.png */,
				CB4C07E91972394B00F08D01 /* Icon-60@2x.png */,
				CB4C07EA1972394B00F08D01 /* Icon-72.png */,
				CB4C07EB1972394B00F08D01 /* Icon-72@2x.png */,
				CB4C07EC1972394B00F08D01 /* Icon-76.png */,
				CB4C07ED1972394B00F08D01 /* Icon-76@2x.png */,
				CB4C07EE1972394B00F08D01 /* Icon-Small-50.png */,
				CB4C07EF1972394B00F08D01 /* Icon-Small-50@2x.png */,
				CB4C07F01972394B00F08D01 /* Icon-Small.png */,
				CB4C07F11972394B00F08D01 /* Icon-Small@2x.png */,
				CB4C07F21972394B00F08D01 /* Icon.png */,
				CB4C07F31972394B00F08D01 /* Icon@2x.png */,
				CB4C07F41972394B00F08D01 /* iTunesArtwork.png */,
				CB4C07F51972394B00F08D01 /* iTunesArtwork@2x.png */,
			);
			name = "Default Images";
			sourceTree = "<group>";
		};
		CB138D461C82CA290046CF12 /* Login/Registration */ = {
			isa = PBXGroup;
			children = (
				CB927D941C589E760069AE50 /* VTAWebViewController.swift */,
				CB927D781C5552450069AE50 /* VTALoginViewController.swift */,
				CB927D7A1C55A8900069AE50 /* VTASignUpViewController.swift */,
				CB4438171C69CF520073D42E /* VTAOrganizationSignUpViewController.swift */,
				CB138D421C82C0600046CF12 /* VTAForgotPasswordViewController.swift */,
			);
			name = Login/Registration;
			sourceTree = "<group>";
		};
		CB138D471C8370F80046CF12 /* Timeline */ = {
			isa = PBXGroup;
			children = (
				CBBE9FCA1C7303C2006B9FD4 /* VTANewPollViewController.swift */,
				CBBE9FAF1C729850006B9FD4 /* VTAHomeViewController.swift */,
				CB138D491C8371300046CF12 /* VTAPollDetailViewController.swift */,
			);
			name = Timeline;
			sourceTree = "<group>";
		};
		CB138D481C83710A0046CF12 /* Profile */ = {
			isa = PBXGroup;
			children = (
				CB27B7641C6C77CD001736A5 /* VTAProfileViewController.swift */,
			);
			name = Profile;
			sourceTree = "<group>";
		};
		CB1DC90E197C9E89000DA1C4 /* Resources */ = {
			isa = PBXGroup;
			children = (
				CB1DC90B197C9E84000DA1C4 /* ProgressHUD.h */,
				CB1DC90C197C9E84000DA1C4 /* ProgressHUD.m */,
			);
			name = Resources;
			sourceTree = "<group>";
		};
		CB3417451B1B58BB00CE74C1 /* RegisterToVote */ = {
			isa = PBXGroup;
			children = (
				CB87395B1B1B56A600074C31 /* RegisterToVoteViewController.h */,
				CB87395C1B1B56A600074C31 /* RegisterToVoteViewController.m */,
				CB3417461B1B58E700CE74C1 /* RegisterToVoteWebpageViewController.h */,
				CB3417471B1B58E700CE74C1 /* RegisterToVoteWebpageViewController.m */,
				CB96327A1B2ED87D009C240C /* RegisterToVoteStateTableViewController.h */,
				CB96327B1B2ED87D009C240C /* RegisterToVoteStateTableViewController.m */,
			);
			name = RegisterToVote;
			sourceTree = "<group>";
		};
		CB4C07E51972394B00F08D01 /* Images */ = {
			isa = PBXGroup;
			children = (
				CB138D6D1C86B40F0046CF12 /* defaultProfilePicture.png */,
				CBBE9FD51C7700EB006B9FD4 /* votes.png */,
				CBBE9FD31C77007B006B9FD4 /* comments.png */,
				CB96326F1B2ED31C009C240C /* Register-Icon.png */,
				CB9632711B2ED32B009C240C /* Get Friends to Vote.png */,
				CB9632731B2ED337009C240C /* Ballots and Candidate.png */,
				CB9632751B2ED343009C240C /* Settings.png */,
				CB03D3D0199B6FC6001DB0B1 /* Default Images */,
			);
			path = Images;
			sourceTree = "<group>";
		};
		CB87395E1B1B56AF00074C31 /* Old App */ = {
			isa = PBXGroup;
			children = (
				CB04513219B29DBF0096E904 /* VTSettings.h */,
				CB04513319B29DBF0096E904 /* VTSettings.m */,
				CBD18A251B17F59D00E1911A /* Vota.storyboard */,
				CBB9F9A21B23C4F60054D9E9 /* LoginViewController.h */,
				CBB9F9A31B23C4F60054D9E9 /* LoginViewController.m */,
				CB3417561B1C61D600CE74C1 /* VotaViewController.h */,
				CB3417571B1C61D600CE74C1 /* VotaViewController.m */,
				CB9632801B2EDC08009C240C /* Ballot/Candidate */,
				CBB9F99A1B2397B70054D9E9 /* Settings */,
				CBB9F9B01B24054A0054D9E9 /* GetFriendsToVote */,
				CB3417451B1B58BB00CE74C1 /* RegisterToVote */,
			);
			name = "Old App";
			sourceTree = "<group>";
		};
		CB927D971C58A3FC0069AE50 /* Views */ = {
			isa = PBXGroup;
			children = (
				CBBE9FB61C729920006B9FD4 /* UITableViewCells */,
				CBBE9FB11C7298E9006B9FD4 /* Storyboards */,
				CBBE9FB71C729933006B9FD4 /* UIViewControllers */,
			);
			name = Views;
			sourceTree = "<group>";
		};
		CB927D9A1C58A4BF0069AE50 /* Controllers */ = {
			isa = PBXGroup;
			children = (
				CB927D9B1C58B18C0069AE50 /* VTAProfileController.swift */,
				CB138D401C82BFD30046CF12 /* VTAPollController.swift */,
				CBBE9FB91C72A39F006B9FD4 /* Clients */,
			);
			path = Controllers;
			sourceTree = "<group>";
		};
		CB9632801B2EDC08009C240C /* Ballot/Candidate */ = {
			isa = PBXGroup;
			children = (
				CB96327D1B2EDC03009C240C /* BalltotCandidateStateTableViewController.h */,
				CB96327E1B2EDC03009C240C /* BalltotCandidateStateTableViewController.m */,
				CB9632811B2EDD32009C240C /* BallotCandidateTableViewController.h */,
				CB9632821B2EDD32009C240C /* BallotCandidateTableViewController.m */,
				CB9632841B2EE2C3009C240C /* NotificationsTableViewController.h */,
				CB9632851B2EE2C3009C240C /* NotificationsTableViewController.m */,
			);
			name = Ballot/Candidate;
			sourceTree = "<group>";
		};
		CBAA21A11971F921008404F7 = {
			isa = PBXGroup;
			children = (
				CBAA21B31971F921008404F7 /* Vota */,
				CBAA21D51971F921008404F7 /* VotaTests */,
				CBAA21AC1971F921008404F7 /* Frameworks */,
				CBAA21AB1971F921008404F7 /* Products */,
			);
			sourceTree = "<group>";
		};
		CBAA21AB1971F921008404F7 /* Products */ = {
			isa = PBXGroup;
			children = (
				CBAA21AA1971F921008404F7 /* Vota.app */,
				CBAA21CE1971F921008404F7 /* VotaTests.xctest */,
			);
			name = Products;
			sourceTree = "<group>";
		};
		CBAA21AC1971F921008404F7 /* Frameworks */ = {
			isa = PBXGroup;
			children = (
				CBF3707A19780D8F00157BBD /* MapKit.framework */,
				CB4C07C2197229A300F08D01 /* FacebookSDK.framework */,
				CBAA21FD1972019C008404F7 /* Accounts.framework */,
				CBAA21FB19720196008404F7 /* Social.framework */,
				CBAA21F9197200A5008404F7 /* Parse.framework */,
				CBAA21F71971FB28008404F7 /* SystemConfiguration.framework */,
				CBAA21F51971FB1D008404F7 /* StoreKit.framework */,
				CBAA21F31971FB0B008404F7 /* Security.framework */,
				CBAA21F11971FB04008404F7 /* QuartzCore.framework */,
				CBAA21EF1971FAFC008404F7 /* MobileCoreServices.framework */,
				CBAA21ED1971FAF5008404F7 /* libz.dylib */,
				CBAA21EB1971FAEC008404F7 /* CoreLocation.framework */,
				CBAA21E91971FADD008404F7 /* CFNetwork.framework */,
				CBAA21E71971FAD5008404F7 /* AudioToolbox.framework */,
				CBAA21AD1971F921008404F7 /* Foundation.framework */,
				CBAA21AF1971F921008404F7 /* CoreGraphics.framework */,
				CBAA21B11971F921008404F7 /* UIKit.framework */,
				CBAA21CF1971F921008404F7 /* XCTest.framework */,
			);
			name = Frameworks;
			sourceTree = "<group>";
		};
		CBAA21B31971F921008404F7 /* Vota */ = {
			isa = PBXGroup;
			children = (
				CB27B76E1C6DBAB9001736A5 /* Launch Screen.storyboard */,
				CB529B001AACDAF600C02E9F /* KeychainItemWrapper.h */,
				CB529B011AACDAF600C02E9F /* KeychainItemWrapper.m */,
				CB927D771C5552450069AE50 /* Vota-Bridging-Header.h */,
				CBAA21BC1971F921008404F7 /* XYZAppDelegate.h */,
				CBAA21BD1971F921008404F7 /* XYZAppDelegate.m */,
				CB138D611C8568090046CF12 /* VTAStyleClass.swift */,
				CB927D971C58A3FC0069AE50 /* Views */,
				CB927D9A1C58A4BF0069AE50 /* Controllers */,
				CB87395E1B1B56AF00074C31 /* Old App */,
				CB1DC90E197C9E89000DA1C4 /* Resources */,
				CBAA21C81971F921008404F7 /* Images.xcassets */,
				CB4C07E51972394B00F08D01 /* Images */,
				CBAA21B41971F921008404F7 /* Supporting Files */,
			);
			path = Vota;
			sourceTree = "<group>";
		};
		CBAA21B41971F921008404F7 /* Supporting Files */ = {
			isa = PBXGroup;
			children = (
				CBAA21B51971F921008404F7 /* Vota-Info.plist */,
				CBAA21B61971F921008404F7 /* InfoPlist.strings */,
				CBAA21B91971F921008404F7 /* main.m */,
				CBAA21BB1971F921008404F7 /* Vota-Prefix.pch */,
			);
			name = "Supporting Files";
			sourceTree = "<group>";
		};
		CBAA21D51971F921008404F7 /* VotaTests */ = {
			isa = PBXGroup;
			children = (
				CBAA21D61971F921008404F7 /* Supporting Files */,
			);
			path = VotaTests;
			sourceTree = "<group>";
		};
		CBAA21D61971F921008404F7 /* Supporting Files */ = {
			isa = PBXGroup;
			children = (
				CBAA21D71971F921008404F7 /* VotaTests-Info.plist */,
				CBAA21D81971F921008404F7 /* InfoPlist.strings */,
			);
			name = "Supporting Files";
			sourceTree = "<group>";
		};
		CBB9F99A1B2397B70054D9E9 /* Settings */ = {
			isa = PBXGroup;
			children = (
				CB3417531B1C5FC400CE74C1 /* SettingsViewController.h */,
				CB9632AB1B3178FB009C240C /* AboutThisAppViewController.h */,
				CB9632AC1B3178FB009C240C /* AboutThisAppViewController.m */,
				CB3417541B1C5FC400CE74C1 /* SettingsViewController.m */,
				CBB9F99E1B239A6A0054D9E9 /* Edit Profile */,
			);
			name = Settings;
			sourceTree = "<group>";
		};
		CBB9F99E1B239A6A0054D9E9 /* Edit Profile */ = {
			isa = PBXGroup;
			children = (
				CBB9F99B1B2397D90054D9E9 /* EditProfileViewController.h */,
				CBB9F99C1B2397D90054D9E9 /* EditProfileViewController.m */,
				CBB9F99F1B239A7E0054D9E9 /* GenderViewController.h */,
				CBB9F9A01B239A7E0054D9E9 /* GenderViewController.m */,
				CBB9F9A51B23CD700054D9E9 /* PartyViewController.h */,
				CBB9F9A61B23CD700054D9E9 /* PartyViewController.m */,
				CBB9F9A81B23CF870054D9E9 /* PhoneNumberViewController.h */,
				CBB9F9A91B23CF870054D9E9 /* PhoneNumberViewController.m */,
				CBB9F9AB1B23D0A40054D9E9 /* ZipCodeViewController.h */,
				CBB9F9AC1B23D0A40054D9E9 /* ZipCodeViewController.m */,
			);
			name = "Edit Profile";
			sourceTree = "<group>";
		};
		CBB9F9B01B24054A0054D9E9 /* GetFriendsToVote */ = {
			isa = PBXGroup;
			children = (
				CB3417501B1C270E00CE74C1 /* GetFriendsToVoteViewController.h */,
				CB3417511B1C270E00CE74C1 /* GetFriendsToVoteViewController.m */,
				CBB9F9B11B2405730054D9E9 /* RegisteredTableViewController.h */,
				CBB9F9B21B2405730054D9E9 /* RegisteredTableViewController.m */,
				CBB9F9B41B24057E0054D9E9 /* VotedTableViewController.h */,
				CBB9F9B51B24057E0054D9E9 /* VotedTableViewController.m */,
			);
			name = GetFriendsToVote;
			sourceTree = "<group>";
		};
		CBBE9FB11C7298E9006B9FD4 /* Storyboards */ = {
			isa = PBXGroup;
			children = (
				CBAA21BF1971F921008404F7 /* MainStoryboard.storyboard */,
			);
			name = Storyboards;
			sourceTree = "<group>";
		};
		CBBE9FB61C729920006B9FD4 /* UITableViewCells */ = {
			isa = PBXGroup;
			children = (
				CBBE9FB81C729FBC006B9FD4 /* XIBs */,
				CBBE9FB21C729918006B9FD4 /* VTAPollTableViewCell.swift */,
				CB138D571C841C470046CF12 /* VTAFeaturedNewsTableViewCell.swift */,
				CB138D531C83E3D10046CF12 /* VTACommentTableViewCell.swift */,
				CB138D5B1C842ADB0046CF12 /* VTAFeatureNewsCollectionViewCell.swift */,
				CB138D691C86AE700046CF12 /* VTAUserTableViewCell.swift */,
			);
			name = UITableViewCells;
			sourceTree = "<group>";
		};
		CBBE9FB71C729933006B9FD4 /* UIViewControllers */ = {
			isa = PBXGroup;
			children = (
				CB27B7621C6C5B78001736A5 /* VTAParentViewController.swift */,
				CB138D5F1C8566B10046CF12 /* VTASearchViewController.swift */,
				CB138D631C857C7A0046CF12 /* VTAFilteredSearchViewController.swift */,
				CB138D461C82CA290046CF12 /* Login/Registration */,
				CB138D471C8370F80046CF12 /* Timeline */,
				CB138D481C83710A0046CF12 /* Profile */,
			);
			name = UIViewControllers;
			sourceTree = "<group>";
		};
		CBBE9FB81C729FBC006B9FD4 /* XIBs */ = {
			isa = PBXGroup;
			children = (
				CBBE9FB31C729918006B9FD4 /* VTAPollTableViewCell.xib */,
				CB138D581C841C470046CF12 /* VTAFeaturedNewsTableViewCell.xib */,
				CB138D5C1C842ADC0046CF12 /* VTAFeatureNewsCollectionViewCell.xib */,
				CB138D541C83E3D10046CF12 /* VTACommentTableViewCell.xib */,
				CB138D6A1C86AE700046CF12 /* VTAUserTableViewCell.xib */,
			);
			name = XIBs;
			sourceTree = "<group>";
		};
		CBBE9FB91C72A39F006B9FD4 /* Clients */ = {
			isa = PBXGroup;
			children = (
				CB138D4B1C83781B0046CF12 /* VTACommentClient.swift */,
				CBBE9FBA1C72A3FB006B9FD4 /* VTAPostClient.swift */,
				CBBE9FCC1C74544C006B9FD4 /* VTAIssueClient.swift */,
				CB138D651C86ACEB0046CF12 /* VTAUserClient.swift */,
			);
			path = Clients;
			sourceTree = "<group>";
		};
/* End PBXGroup section */

/* Begin PBXNativeTarget section */
		CBAA21A91971F921008404F7 /* Vota */ = {
			isa = PBXNativeTarget;
			buildConfigurationList = CBAA21DF1971F921008404F7 /* Build configuration list for PBXNativeTarget "Vota" */;
			buildPhases = (
				CBAA21A61971F921008404F7 /* Sources */,
				CBAA21A71971F921008404F7 /* Frameworks */,
				CBAA21A81971F921008404F7 /* Resources */,
			);
			buildRules = (
			);
			dependencies = (
			);
			name = Vota;
			productName = Vota;
			productReference = CBAA21AA1971F921008404F7 /* Vota.app */;
			productType = "com.apple.product-type.application";
		};
		CBAA21CD1971F921008404F7 /* VotaTests */ = {
			isa = PBXNativeTarget;
			buildConfigurationList = CBAA21E21971F921008404F7 /* Build configuration list for PBXNativeTarget "VotaTests" */;
			buildPhases = (
				CBAA21CA1971F921008404F7 /* Sources */,
				CBAA21CB1971F921008404F7 /* Frameworks */,
				CBAA21CC1971F921008404F7 /* Resources */,
			);
			buildRules = (
			);
			dependencies = (
				CBAA21D41971F921008404F7 /* PBXTargetDependency */,
			);
			name = VotaTests;
			productName = VotaTests;
			productReference = CBAA21CE1971F921008404F7 /* VotaTests.xctest */;
			productType = "com.apple.product-type.bundle.unit-test";
		};
/* End PBXNativeTarget section */

/* Begin PBXProject section */
		CBAA21A21971F921008404F7 /* Project object */ = {
			isa = PBXProject;
			attributes = {
				CLASSPREFIX = VTA;
				LastSwiftUpdateCheck = 0720;
				LastUpgradeCheck = 0700;
				ORGANIZATIONNAME = "___Jose-Alvarado___";
				TargetAttributes = {
					CBAA21A91971F921008404F7 = {
						DevelopmentTeam = GC7Z5R6UH5;
					};
					CBAA21CD1971F921008404F7 = {
						TestTargetID = CBAA21A91971F921008404F7;
					};
				};
			};
			buildConfigurationList = CBAA21A51971F921008404F7 /* Build configuration list for PBXProject "Vota" */;
			compatibilityVersion = "Xcode 3.2";
			developmentRegion = English;
			hasScannedForEncodings = 0;
			knownRegions = (
				en,
				Base,
			);
			mainGroup = CBAA21A11971F921008404F7;
			productRefGroup = CBAA21AB1971F921008404F7 /* Products */;
			projectDirPath = "";
			projectRoot = "";
			targets = (
				CBAA21A91971F921008404F7 /* Vota */,
				CBAA21CD1971F921008404F7 /* VotaTests */,
			);
		};
/* End PBXProject section */

/* Begin PBXResourcesBuildPhase section */
		CBAA21A81971F921008404F7 /* Resources */ = {
			isa = PBXResourcesBuildPhase;
			buildActionMask = 2147483647;
			files = (
				CB4C08021972394B00F08D01 /* Icon.png in Resources */,
				CB4C08031972394B00F08D01 /* Icon@2x.png in Resources */,
				CBAA21C91971F921008404F7 /* Images.xcassets in Resources */,
				CBBE9FD41C77007B006B9FD4 /* comments.png in Resources */,
				CB138D561C83E3D10046CF12 /* VTACommentTableViewCell.xib in Resources */,
				CB4C07FF1972394B00F08D01 /* Icon-Small-50@2x.png in Resources */,
				CBBE9FB51C729918006B9FD4 /* VTAPollTableViewCell.xib in Resources */,
				CB4C07FB1972394B00F08D01 /* Icon-72@2x.png in Resources */,
				CB138D5A1C841C470046CF12 /* VTAFeaturedNewsTableViewCell.xib in Resources */,
				CBD18A261B17F59D00E1911A /* Vota.storyboard in Resources */,
				CB9632721B2ED32B009C240C /* Get Friends to Vote.png in Resources */,
				CB4C07FA1972394B00F08D01 /* Icon-72.png in Resources */,
				CB9632761B2ED343009C240C /* Settings.png in Resources */,
				CB9632701B2ED31C009C240C /* Register-Icon.png in Resources */,
				CBAA21C11971F921008404F7 /* MainStoryboard.storyboard in Resources */,
				CB138D5E1C842ADC0046CF12 /* VTAFeatureNewsCollectionViewCell.xib in Resources */,
				CB4C07F71972394B00F08D01 /* Icon-40@2x.png in Resources */,
				CB4C08041972394B00F08D01 /* iTunesArtwork.png in Resources */,
				CB27B76F1C6DBAB9001736A5 /* Launch Screen.storyboard in Resources */,
				CB4C07FC1972394B00F08D01 /* Icon-76.png in Resources */,
				CB9632741B2ED337009C240C /* Ballots and Candidate.png in Resources */,
				CB4C08051972394B00F08D01 /* iTunesArtwork@2x.png in Resources */,
				CB138D6C1C86AE700046CF12 /* VTAUserTableViewCell.xib in Resources */,
				CB4C08001972394B00F08D01 /* Icon-Small.png in Resources */,
				CBAA21B81971F921008404F7 /* InfoPlist.strings in Resources */,
				CB4C07FE1972394B00F08D01 /* Icon-Small-50.png in Resources */,
				CB4C07F81972394B00F08D01 /* Icon-60.png in Resources */,
				CB4C07F61972394B00F08D01 /* Icon-40.png in Resources */,
				CB4C08011972394B00F08D01 /* Icon-Small@2x.png in Resources */,
				CBBE9FD61C7700EB006B9FD4 /* votes.png in Resources */,
				CB138D6E1C86B40F0046CF12 /* defaultProfilePicture.png in Resources */,
				CB4C07FD1972394B00F08D01 /* Icon-76@2x.png in Resources */,
				CB4C07F91972394B00F08D01 /* Icon-60@2x.png in Resources */,
			);
			runOnlyForDeploymentPostprocessing = 0;
		};
		CBAA21CC1971F921008404F7 /* Resources */ = {
			isa = PBXResourcesBuildPhase;
			buildActionMask = 2147483647;
			files = (
				CBAA21DA1971F921008404F7 /* InfoPlist.strings in Resources */,
			);
			runOnlyForDeploymentPostprocessing = 0;
		};
/* End PBXResourcesBuildPhase section */

/* Begin PBXSourcesBuildPhase section */
		CBAA21A61971F921008404F7 /* Sources */ = {
			isa = PBXSourcesBuildPhase;
			buildActionMask = 2147483647;
			files = (
				CB4438181C69CF520073D42E /* VTAOrganizationSignUpViewController.swift in Sources */,
				CBB9F9B31B2405730054D9E9 /* RegisteredTableViewController.m in Sources */,
				CBB9F9A71B23CD700054D9E9 /* PartyViewController.m in Sources */,
				CBB9F9B61B24057E0054D9E9 /* VotedTableViewController.m in Sources */,
				CB138D5D1C842ADC0046CF12 /* VTAFeatureNewsCollectionViewCell.swift in Sources */,
				CB1DC90D197C9E84000DA1C4 /* ProgressHUD.m in Sources */,
				CBBE9FBB1C72A3FB006B9FD4 /* VTAPostClient.swift in Sources */,
				CBB9F9A11B239A7E0054D9E9 /* GenderViewController.m in Sources */,
				CB927D9C1C58B18C0069AE50 /* VTAProfileController.swift in Sources */,
				CB927D951C589E770069AE50 /* VTAWebViewController.swift in Sources */,
				CB27B7631C6C5B78001736A5 /* VTAParentViewController.swift in Sources */,
				CBBE9FCD1C74544C006B9FD4 /* VTAIssueClient.swift in Sources */,
				CBB9F9A41B23C4F60054D9E9 /* LoginViewController.m in Sources */,
				CB9632831B2EDD32009C240C /* BallotCandidateTableViewController.m in Sources */,
				CB96327C1B2ED87D009C240C /* RegisterToVoteStateTableViewController.m in Sources */,
				CB9632861B2EE2C3009C240C /* NotificationsTableViewController.m in Sources */,
				CBB9F99D1B2397D90054D9E9 /* EditProfileViewController.m in Sources */,
				CB927D791C5552450069AE50 /* VTALoginViewController.swift in Sources */,
				CB27B7651C6C77CD001736A5 /* VTAProfileViewController.swift in Sources */,
				CB138D661C86ACEC0046CF12 /* VTAUserClient.swift in Sources */,
				CBAA21BE1971F921008404F7 /* XYZAppDelegate.m in Sources */,
				CB04513419B29DBF0096E904 /* VTSettings.m in Sources */,
				CB138D4C1C83781B0046CF12 /* VTACommentClient.swift in Sources */,
				CBB9F9AD1B23D0A40054D9E9 /* ZipCodeViewController.m in Sources */,
				CB138D6B1C86AE700046CF12 /* VTAUserTableViewCell.swift in Sources */,
				CBBE9FCB1C7303C2006B9FD4 /* VTANewPollViewController.swift in Sources */,
				CB138D4A1C8371300046CF12 /* VTAPollDetailViewController.swift in Sources */,
				CBAA21BA1971F921008404F7 /* main.m in Sources */,
				CB138D551C83E3D10046CF12 /* VTACommentTableViewCell.swift in Sources */,
				CBB9F9AA1B23CF870054D9E9 /* PhoneNumberViewController.m in Sources */,
				CB138D431C82C0600046CF12 /* VTAForgotPasswordViewController.swift in Sources */,
				CB3417521B1C270E00CE74C1 /* GetFriendsToVoteViewController.m in Sources */,
				CB87395D1B1B56A600074C31 /* RegisterToVoteViewController.m in Sources */,
				CB529B021AACDAF600C02E9F /* KeychainItemWrapper.m in Sources */,
				CB138D591C841C470046CF12 /* VTAFeaturedNewsTableViewCell.swift in Sources */,
				CB138D641C857C7A0046CF12 /* VTAFilteredSearchViewController.swift in Sources */,
				CB96327F1B2EDC03009C240C /* BalltotCandidateStateTableViewController.m in Sources */,
				CB138D601C8566B10046CF12 /* VTASearchViewController.swift in Sources */,
				CB138D411C82BFD30046CF12 /* VTAPollController.swift in Sources */,
				CB3417581B1C61D600CE74C1 /* VotaViewController.m in Sources */,
				CBBE9FB41C729918006B9FD4 /* VTAPollTableViewCell.swift in Sources */,
				CB9632AD1B3178FB009C240C /* AboutThisAppViewController.m in Sources */,
				CB3417481B1B58E700CE74C1 /* RegisterToVoteWebpageViewController.m in Sources */,
				CB138D621C8568090046CF12 /* VTAStyleClass.swift in Sources */,
				CB3417551B1C5FC400CE74C1 /* SettingsViewController.m in Sources */,
				CB927D7B1C55A8900069AE50 /* VTASignUpViewController.swift in Sources */,
				CBBE9FB01C729850006B9FD4 /* VTAHomeViewController.swift in Sources */,
			);
			runOnlyForDeploymentPostprocessing = 0;
		};
		CBAA21CA1971F921008404F7 /* Sources */ = {
			isa = PBXSourcesBuildPhase;
			buildActionMask = 2147483647;
			files = (
			);
			runOnlyForDeploymentPostprocessing = 0;
		};
/* End PBXSourcesBuildPhase section */

/* Begin PBXTargetDependency section */
		CBAA21D41971F921008404F7 /* PBXTargetDependency */ = {
			isa = PBXTargetDependency;
			target = CBAA21A91971F921008404F7 /* Vota */;
			targetProxy = CBAA21D31971F921008404F7 /* PBXContainerItemProxy */;
		};
/* End PBXTargetDependency section */

/* Begin PBXVariantGroup section */
		CBAA21B61971F921008404F7 /* InfoPlist.strings */ = {
			isa = PBXVariantGroup;
			children = (
				CBAA21B71971F921008404F7 /* en */,
			);
			name = InfoPlist.strings;
			sourceTree = "<group>";
		};
		CBAA21BF1971F921008404F7 /* MainStoryboard.storyboard */ = {
			isa = PBXVariantGroup;
			children = (
				CBAA21C01971F921008404F7 /* Base */,
			);
			name = MainStoryboard.storyboard;
			sourceTree = "<group>";
		};
		CBAA21D81971F921008404F7 /* InfoPlist.strings */ = {
			isa = PBXVariantGroup;
			children = (
				CBAA21D91971F921008404F7 /* en */,
			);
			name = InfoPlist.strings;
			sourceTree = "<group>";
		};
/* End PBXVariantGroup section */

/* Begin XCBuildConfiguration section */
		CBAA21DD1971F921008404F7 /* Debug */ = {
			isa = XCBuildConfiguration;
			buildSettings = {
				ALWAYS_SEARCH_USER_PATHS = NO;
				CLANG_CXX_LANGUAGE_STANDARD = "gnu++0x";
				CLANG_CXX_LIBRARY = "libc++";
				CLANG_ENABLE_MODULES = YES;
				CLANG_ENABLE_OBJC_ARC = YES;
				CLANG_WARN_BOOL_CONVERSION = YES;
				CLANG_WARN_CONSTANT_CONVERSION = YES;
				CLANG_WARN_DIRECT_OBJC_ISA_USAGE = YES_ERROR;
				CLANG_WARN_EMPTY_BODY = YES;
				CLANG_WARN_ENUM_CONVERSION = YES;
				CLANG_WARN_INT_CONVERSION = YES;
				CLANG_WARN_OBJC_ROOT_CLASS = YES_ERROR;
				CLANG_WARN__DUPLICATE_METHOD_MATCH = YES;
				CODE_SIGN_IDENTITY = "iPhone Distribution: Jose Alvarado (GC7Z5R6UH5)";
				"CODE_SIGN_IDENTITY[sdk=iphoneos*]" = "iPhone Distribution: Jose Alvarado (GC7Z5R6UH5)";
				COPY_PHASE_STRIP = NO;
				ENABLE_TESTABILITY = YES;
				GCC_C_LANGUAGE_STANDARD = gnu99;
				GCC_DYNAMIC_NO_PIC = NO;
				GCC_OPTIMIZATION_LEVEL = 0;
				GCC_PREPROCESSOR_DEFINITIONS = (
					"DEBUG=1",
					"$(inherited)",
				);
				GCC_SYMBOLS_PRIVATE_EXTERN = NO;
				GCC_WARN_64_TO_32_BIT_CONVERSION = YES;
				GCC_WARN_ABOUT_RETURN_TYPE = YES_ERROR;
				GCC_WARN_UNDECLARED_SELECTOR = YES;
				GCC_WARN_UNINITIALIZED_AUTOS = YES_AGGRESSIVE;
				GCC_WARN_UNUSED_FUNCTION = YES;
				GCC_WARN_UNUSED_VARIABLE = YES;
				IPHONEOS_DEPLOYMENT_TARGET = 8.0;
				ONLY_ACTIVE_ARCH = YES;
				PROVISIONING_PROFILE = "47b1d2a8-caf8-4d38-bded-548e826e9934";
				SDKROOT = iphoneos;
				TARGETED_DEVICE_FAMILY = "1,2";
			};
			name = Debug;
		};
		CBAA21DE1971F921008404F7 /* Release */ = {
			isa = XCBuildConfiguration;
			buildSettings = {
				ALWAYS_SEARCH_USER_PATHS = NO;
				CLANG_CXX_LANGUAGE_STANDARD = "gnu++0x";
				CLANG_CXX_LIBRARY = "libc++";
				CLANG_ENABLE_MODULES = YES;
				CLANG_ENABLE_OBJC_ARC = YES;
				CLANG_WARN_BOOL_CONVERSION = YES;
				CLANG_WARN_CONSTANT_CONVERSION = YES;
				CLANG_WARN_DIRECT_OBJC_ISA_USAGE = YES_ERROR;
				CLANG_WARN_EMPTY_BODY = YES;
				CLANG_WARN_ENUM_CONVERSION = YES;
				CLANG_WARN_INT_CONVERSION = YES;
				CLANG_WARN_OBJC_ROOT_CLASS = YES_ERROR;
				CLANG_WARN__DUPLICATE_METHOD_MATCH = YES;
				CODE_SIGN_IDENTITY = "iPhone Distribution: Jose Alvarado (GC7Z5R6UH5)";
				"CODE_SIGN_IDENTITY[sdk=iphoneos*]" = "iPhone Distribution: Jose Alvarado (GC7Z5R6UH5)";
				COPY_PHASE_STRIP = YES;
				ENABLE_NS_ASSERTIONS = NO;
				GCC_C_LANGUAGE_STANDARD = gnu99;
				GCC_WARN_64_TO_32_BIT_CONVERSION = YES;
				GCC_WARN_ABOUT_RETURN_TYPE = YES_ERROR;
				GCC_WARN_UNDECLARED_SELECTOR = YES;
				GCC_WARN_UNINITIALIZED_AUTOS = YES_AGGRESSIVE;
				GCC_WARN_UNUSED_FUNCTION = YES;
				GCC_WARN_UNUSED_VARIABLE = YES;
				IPHONEOS_DEPLOYMENT_TARGET = 8.0;
				PROVISIONING_PROFILE = "47b1d2a8-caf8-4d38-bded-548e826e9934";
				SDKROOT = iphoneos;
				TARGETED_DEVICE_FAMILY = "1,2";
				VALIDATE_PRODUCT = YES;
			};
			name = Release;
		};
		CBAA21E01971F921008404F7 /* Debug */ = {
			isa = XCBuildConfiguration;
			buildSettings = {
				ASSETCATALOG_COMPILER_APPICON_NAME = AppIcon;
				ASSETCATALOG_COMPILER_LAUNCHIMAGE_NAME = LaunchImage;
				CLANG_ENABLE_MODULES = YES;
				CODE_SIGN_IDENTITY = "iPhone Distribution: Jose Alvarado (GC7Z5R6UH5)";
				"CODE_SIGN_IDENTITY[sdk=iphoneos*]" = "iPhone Distribution: Jose Alvarado (GC7Z5R6UH5)";
				ENABLE_BITCODE = NO;
				FRAMEWORK_SEARCH_PATHS = (
					"$(inherited)",
					"$(PROJECT_DIR)",
				);
				GCC_PRECOMPILE_PREFIX_HEADER = YES;
				GCC_PREFIX_HEADER = "Vota/Vota-Prefix.pch";
				INFOPLIST_FILE = "Vota/Vota-Info.plist";
				IPHONEOS_DEPLOYMENT_TARGET = 8.0;
				LD_RUNPATH_SEARCH_PATHS = "$(inherited) @executable_path/Frameworks";
				PRODUCT_BUNDLE_IDENTIFIER = "com.jose-alvarado.vota";
				PRODUCT_NAME = "$(TARGET_NAME)";
				PROVISIONING_PROFILE = "47b1d2a8-caf8-4d38-bded-548e826e9934";
				SWIFT_OBJC_BRIDGING_HEADER = "Vota/Vota-Bridging-Header.h";
				SWIFT_OPTIMIZATION_LEVEL = "-Onone";
				WRAPPER_EXTENSION = app;
			};
			name = Debug;
		};
		CBAA21E11971F921008404F7 /* Release */ = {
			isa = XCBuildConfiguration;
			buildSettings = {
				ASSETCATALOG_COMPILER_APPICON_NAME = AppIcon;
				ASSETCATALOG_COMPILER_LAUNCHIMAGE_NAME = LaunchImage;
				CLANG_ENABLE_MODULES = YES;
				CODE_SIGN_IDENTITY = "iPhone Distribution: Jose Alvarado (GC7Z5R6UH5)";
				"CODE_SIGN_IDENTITY[sdk=iphoneos*]" = "iPhone Distribution: Jose Alvarado (GC7Z5R6UH5)";
				ENABLE_BITCODE = NO;
				FRAMEWORK_SEARCH_PATHS = (
					"$(inherited)",
					"$(PROJECT_DIR)",
				);
				GCC_PRECOMPILE_PREFIX_HEADER = YES;
				GCC_PREFIX_HEADER = "Vota/Vota-Prefix.pch";
				INFOPLIST_FILE = "Vota/Vota-Info.plist";
				IPHONEOS_DEPLOYMENT_TARGET = 8.0;
				LD_RUNPATH_SEARCH_PATHS = "$(inherited) @executable_path/Frameworks";
				PRODUCT_BUNDLE_IDENTIFIER = "com.jose-alvarado.vota";
				PRODUCT_NAME = "$(TARGET_NAME)";
				PROVISIONING_PROFILE = "47b1d2a8-caf8-4d38-bded-548e826e9934";
				SWIFT_OBJC_BRIDGING_HEADER = "Vota/Vota-Bridging-Header.h";
				WRAPPER_EXTENSION = app;
			};
			name = Release;
		};
		CBAA21E31971F921008404F7 /* Debug */ = {
			isa = XCBuildConfiguration;
			buildSettings = {
				BUNDLE_LOADER = "$(BUILT_PRODUCTS_DIR)/Vota.app/Vota";
				CODE_SIGN_IDENTITY = "iPhone Distribution: Jose Alvarado (GC7Z5R6UH5)";
				FRAMEWORK_SEARCH_PATHS = (
					"$(SDKROOT)/Developer/Library/Frameworks",
					"$(inherited)",
					"$(DEVELOPER_FRAMEWORKS_DIR)",
				);
				GCC_PRECOMPILE_PREFIX_HEADER = YES;
				GCC_PREFIX_HEADER = "Vota/Vota-Prefix.pch";
				GCC_PREPROCESSOR_DEFINITIONS = (
					"DEBUG=1",
					"$(inherited)",
				);
				INFOPLIST_FILE = "VotaTests/VotaTests-Info.plist";
				PRODUCT_BUNDLE_IDENTIFIER = "com.Jose-Alvarado.${PRODUCT_NAME:rfc1034identifier}";
				PRODUCT_NAME = "$(TARGET_NAME)";
				PROVISIONING_PROFILE = "37f4491e-fba1-41ff-bec9-e1812875d658";
				TEST_HOST = "$(BUNDLE_LOADER)";
				WRAPPER_EXTENSION = xctest;
			};
			name = Debug;
		};
		CBAA21E41971F921008404F7 /* Release */ = {
			isa = XCBuildConfiguration;
			buildSettings = {
				BUNDLE_LOADER = "$(BUILT_PRODUCTS_DIR)/Vota.app/Vota";
				CODE_SIGN_IDENTITY = "iPhone Distribution: Jose Alvarado (GC7Z5R6UH5)";
				FRAMEWORK_SEARCH_PATHS = (
					"$(SDKROOT)/Developer/Library/Frameworks",
					"$(inherited)",
					"$(DEVELOPER_FRAMEWORKS_DIR)",
				);
				GCC_PRECOMPILE_PREFIX_HEADER = YES;
				GCC_PREFIX_HEADER = "Vota/Vota-Prefix.pch";
				INFOPLIST_FILE = "VotaTests/VotaTests-Info.plist";
				PRODUCT_BUNDLE_IDENTIFIER = "com.Jose-Alvarado.${PRODUCT_NAME:rfc1034identifier}";
				PRODUCT_NAME = "$(TARGET_NAME)";
				PROVISIONING_PROFILE = "37f4491e-fba1-41ff-bec9-e1812875d658";
				TEST_HOST = "$(BUNDLE_LOADER)";
				WRAPPER_EXTENSION = xctest;
			};
			name = Release;
		};
/* End XCBuildConfiguration section */

/* Begin XCConfigurationList section */
		CBAA21A51971F921008404F7 /* Build configuration list for PBXProject "Vota" */ = {
			isa = XCConfigurationList;
			buildConfigurations = (
				CBAA21DD1971F921008404F7 /* Debug */,
				CBAA21DE1971F921008404F7 /* Release */,
			);
			defaultConfigurationIsVisible = 0;
			defaultConfigurationName = Release;
		};
		CBAA21DF1971F921008404F7 /* Build configuration list for PBXNativeTarget "Vota" */ = {
			isa = XCConfigurationList;
			buildConfigurations = (
				CBAA21E01971F921008404F7 /* Debug */,
				CBAA21E11971F921008404F7 /* Release */,
			);
			defaultConfigurationIsVisible = 0;
			defaultConfigurationName = Release;
		};
		CBAA21E21971F921008404F7 /* Build configuration list for PBXNativeTarget "VotaTests" */ = {
			isa = XCConfigurationList;
			buildConfigurations = (
				CBAA21E31971F921008404F7 /* Debug */,
				CBAA21E41971F921008404F7 /* Release */,
			);
			defaultConfigurationIsVisible = 0;
			defaultConfigurationName = Release;
		};
/* End XCConfigurationList section */
	};
	rootObject = CBAA21A21971F921008404F7 /* Project object */;
}
